schema: '2.0'
stages:
  prepare:
    cmd: python src/prepare.py
    deps:
    - path: data
      hash: md5
      md5: 266d72b3ecdc7b881e891ebb15b9867e.dir
      size: 7355201
      nfiles: 3
    - path: src/prepare.py
      hash: md5
      md5: c2af8f99621cc5ee994acdff3cd7cbe4
      size: 3821
    params:
      params.yaml:
        prepare:
          image_features_path: data/Imaging_Features.xlsx
          clinical_features_path: data/Clinical_and_Other_Features.xlsx
          lunit_preds_path: data/lunit_predictions.xlsx
          patient_id_col: Patient ID
          target_col: ER
          out_path: out/prepare/df_image_features.parquet
    outs:
    - path: out/prepare
      hash: md5
      md5: 5058e53fec2cc69fe830f2aceb009d3e.dir
      size: 4959837
      nfiles: 1
  train:
    cmd: python src/train.py
    deps:
    - path: out/prepare
      hash: md5
      md5: 5058e53fec2cc69fe830f2aceb009d3e.dir
      size: 4959837
      nfiles: 1
    - path: src/train.py
      hash: md5
      md5: 7f7b6c6b209f7e3a674f738dbfb77166
      size: 3733
    params:
      params.yaml:
        train:
          out_path: out/train/model.json
          hparams_grid:
            max_depth:
            - 2
            - 11
            learning_rate:
            - 0.01
            - 0.5
            n_estimators:
            - 2
            - 100
          n_trials: 100
          cv: 5
          n_jobs: 1
          seed: 42
    outs:
    - path: out/train
      hash: md5
      md5: 2183bd30aa6c9cd313e7c24780019b49.dir
      size: 26432
      nfiles: 1
  test:
    cmd: python src/test.py
    deps:
    - path: out/train
      hash: md5
      md5: 2183bd30aa6c9cd313e7c24780019b49.dir
      size: 26432
      nfiles: 1
    - path: src/test.py
      hash: md5
      md5: bf41c5d08c53c184e1869d63bf9b9cb7
      size: 1233
    params:
      params.yaml:
        test:
          out_path: out/test/preds.csv
    outs:
    - path: out/test
      hash: md5
      md5: d2cd7e15ac0a479cc195ef0d77aba457.dir
      size: 11687
      nfiles: 1
